
Microsoft Visual Studio Solution File, Format Version 12.00
# Visual Studio Version 17
VisualStudioVersion = 17.5.33530.505
MinimumVisualStudioVersion = 10.0.40219.1
Project("{FAE04EC0-301F-11D3-BF4B-00C04F79EFBC}") = "Max_Generics", "Max_Generics\Max_Generics.csproj", "{8D652CB6-9E95-4C65-A205-8FFB309E4FE7}"
EndProject
Global
	GlobalSection(SolutionConfigurationPlatforms) = preSolution
		Debug|Any CPU = Debug|Any CPU
		Release|Any CPU = Release|Any CPU
	EndGlobalSection
	GlobalSection(ProjectConfigurationPlatforms) = postSolution
		{8D652CB6-9E95-4C65-A205-8FFB309E4FE7}.Debug|Any CPU.ActiveCfg = Debug|Any CPU
		{8D652CB6-9E95-4C65-A205-8FFB309E4FE7}.Debug|Any CPU.Build.0 = Debug|Any CPU
		{8D652CB6-9E95-4C65-A205-8FFB309E4FE7}.Release|Any CPU.ActiveCfg = Release|Any CPU
		{8D652CB6-9E95-4C65-A205-8FFB309E4FE7}.Release|Any CPU.Build.0 = Release|Any CPU
	EndGlobalSection
	GlobalSection(SolutionProperties) = preSolution
		HideSolutionNode = FALSE
	EndGlobalSection
	GlobalSection(ExtensibilityGlobals) = postSolution
		SolutionGuid = {7FFAD680-D323-4C84-A87E-A79AA5090E43}
	EndGlobalSection
EndGlobal
